
Microsoft Visual Studio Solution File, Format Version 11.00
# Visual Studio 2010
Project("{FAE04EC0-301F-11D3-BF4B-00C04F79EFBC}") = "Terraria", "Terraria.csproj", "{F19D45FF-8CC4-44E5-AB33-1C6B5D5011EE}"
EndProject
Global
	GlobalSection(SolutionConfigurationPlatforms) = preSolution
		Debug|Any CPU = Debug|Any CPU
		Release|Any CPU = Release|Any CPU
	EndGlobalSection
	GlobalSection(ProjectConfigurationPlatforms) = postSolution
		{F19D45FF-8CC4-44E5-AB33-1C6B5D5011EE}.Debug|Any CPU.ActiveCfg = Debug|Any CPU
		{F19D45FF-8CC4-44E5-AB33-1C6B5D5011EE}.Debug|Any CPU.Build.0 = Debug|Any CPU
		{F19D45FF-8CC4-44E5-AB33-1C6B5D5011EE}.Release|Any CPU.ActiveCfg = Release|Any CPU
		{F19D45FF-8CC4-44E5-AB33-1C6B5D5011EE}.Release|Any CPU.Build.0 = Release|Any CPU
	EndGlobalSection
	GlobalSection(SolutionProperties) = preSolution
		HideSolutionNode = FALSE
	EndGlobalSection
EndGlobal
