
Microsoft Visual Studio Solution File, Format Version 11.00
# Visual Studio 2010
Project("{FAE04EC0-301F-11D3-BF4B-00C04F79EFBC}") = "Terraria", "Terraria.csproj", "{9CEF8C4F-1BEF-491B-B9F7-DB4D861B7D02}"
EndProject
Global
	GlobalSection(SolutionConfigurationPlatforms) = preSolution
		Debug|Any CPU = Debug|Any CPU
		Release|Any CPU = Release|Any CPU
	EndGlobalSection
	GlobalSection(ProjectConfigurationPlatforms) = postSolution
		{9CEF8C4F-1BEF-491B-B9F7-DB4D861B7D02}.Debug|Any CPU.ActiveCfg = Debug|Any CPU
		{9CEF8C4F-1BEF-491B-B9F7-DB4D861B7D02}.Debug|Any CPU.Build.0 = Debug|Any CPU
		{9CEF8C4F-1BEF-491B-B9F7-DB4D861B7D02}.Release|Any CPU.ActiveCfg = Release|Any CPU
		{9CEF8C4F-1BEF-491B-B9F7-DB4D861B7D02}.Release|Any CPU.Build.0 = Release|Any CPU
	EndGlobalSection
	GlobalSection(SolutionProperties) = preSolution
		HideSolutionNode = FALSE
	EndGlobalSection
EndGlobal
